
Microsoft Visual Studio Solution File, Format Version 12.00
# Visual Studio Version 16
VisualStudioVersion = 16.0.29318.209
MinimumVisualStudioVersion = 10.0.40219.1
Project("{FAE04EC0-301F-11D3-BF4B-00C04F79EFBC}") = "TravelRecordApp.Android", "TravelRecordApp.Android\TravelRecordApp.Android.csproj", "{A132E207-3C3E-42A3-8C18-F5276FE9ADDE}"
EndProject
Project("{FAE04EC0-301F-11D3-BF4B-00C04F79EFBC}") = "TravelRecordApp.iOS", "TravelRecordApp.iOS\TravelRecordApp.iOS.csproj", "{B4F2538C-308D-45F1-BCDD-2A3C79AB0723}"
EndProject
Project("{FAE04EC0-301F-11D3-BF4B-00C04F79EFBC}") = "TravelRecordApp", "TravelRecordApp\TravelRecordApp.csproj", "{85463570-3011-4702-AD6A-DF86EDDBB6F3}"
EndProject
Global
	GlobalSection(SolutionConfigurationPlatforms) = preSolution
		Debug|Any CPU = Debug|Any CPU
		Debug|iPhone = Debug|iPhone
		Debug|iPhoneSimulator = Debug|iPhoneSimulator
		Release|Any CPU = Release|Any CPU
		Release|iPhone = Release|iPhone
		Release|iPhoneSimulator = Release|iPhoneSimulator
	EndGlobalSection
	GlobalSection(ProjectConfigurationPlatforms) = postSolution
		{A132E207-3C3E-42A3-8C18-F5276FE9ADDE}.Debug|Any CPU.ActiveCfg = Debug|Any CPU
		{A132E207-3C3E-42A3-8C18-F5276FE9ADDE}.Debug|Any CPU.Build.0 = Debug|Any CPU
		{A132E207-3C3E-42A3-8C18-F5276FE9ADDE}.Debug|Any CPU.Deploy.0 = Debug|Any CPU
		{A132E207-3C3E-42A3-8C18-F5276FE9ADDE}.Debug|iPhone.ActiveCfg = Debug|Any CPU
		{A132E207-3C3E-42A3-8C18-F5276FE9ADDE}.Debug|iPhone.Build.0 = Debug|Any CPU
		{A132E207-3C3E-42A3-8C18-F5276FE9ADDE}.Debug|iPhone.Deploy.0 = Debug|Any CPU
		{A132E207-3C3E-42A3-8C18-F5276FE9ADDE}.Debug|iPhoneSimulator.ActiveCfg = Debug|Any CPU
		{A132E207-3C3E-42A3-8C18-F5276FE9ADDE}.Debug|iPhoneSimulator.Build.0 = Debug|Any CPU
		{A132E207-3C3E-42A3-8C18-F5276FE9ADDE}.Debug|iPhoneSimulator.Deploy.0 = Debug|Any CPU
		{A132E207-3C3E-42A3-8C18-F5276FE9ADDE}.Release|Any CPU.ActiveCfg = Release|Any CPU
		{A132E207-3C3E-42A3-8C18-F5276FE9ADDE}.Release|Any CPU.Build.0 = Release|Any CPU
		{A132E207-3C3E-42A3-8C18-F5276FE9ADDE}.Release|Any CPU.Deploy.0 = Release|Any CPU
		{A132E207-3C3E-42A3-8C18-F5276FE9ADDE}.Release|iPhone.ActiveCfg = Release|Any CPU
		{A132E207-3C3E-42A3-8C18-F5276FE9ADDE}.Release|iPhone.Build.0 = Release|Any CPU
		{A132E207-3C3E-42A3-8C18-F5276FE9ADDE}.Release|iPhone.Deploy.0 = Release|Any CPU
		{A132E207-3C3E-42A3-8C18-F5276FE9ADDE}.Release|iPhoneSimulator.ActiveCfg = Release|Any CPU
		{A132E207-3C3E-42A3-8C18-F5276FE9ADDE}.Release|iPhoneSimulator.Build.0 = Release|Any CPU
		{A132E207-3C3E-42A3-8C18-F5276FE9ADDE}.Release|iPhoneSimulator.Deploy.0 = Release|Any CPU
		{B4F2538C-308D-45F1-BCDD-2A3C79AB0723}.Debug|Any CPU.ActiveCfg = Debug|iPhoneSimulator
		{B4F2538C-308D-45F1-BCDD-2A3C79AB0723}.Debug|Any CPU.Build.0 = Debug|iPhoneSimulator
		{B4F2538C-308D-45F1-BCDD-2A3C79AB0723}.Debug|Any CPU.Deploy.0 = Debug|iPhoneSimulator
		{B4F2538C-308D-45F1-BCDD-2A3C79AB0723}.Debug|iPhone.ActiveCfg = Debug|iPhone
		{B4F2538C-308D-45F1-BCDD-2A3C79AB0723}.Debug|iPhone.Build.0 = Debug|iPhone
		{B4F2538C-308D-45F1-BCDD-2A3C79AB0723}.Debug|iPhone.Deploy.0 = Debug|iPhone
		{B4F2538C-308D-45F1-BCDD-2A3C79AB0723}.Debug|iPhoneSimulator.ActiveCfg = Debug|iPhoneSimulator
		{B4F2538C-308D-45F1-BCDD-2A3C79AB0723}.Debug|iPhoneSimulator.Build.0 = Debug|iPhoneSimulator
		{B4F2538C-308D-45F1-BCDD-2A3C79AB0723}.Debug|iPhoneSimulator.Deploy.0 = Debug|iPhoneSimulator
		{B4F2538C-308D-45F1-BCDD-2A3C79AB0723}.Release|Any CPU.ActiveCfg = Release|iPhone
		{B4F2538C-308D-45F1-BCDD-2A3C79AB0723}.Release|Any CPU.Build.0 = Release|iPhone
		{B4F2538C-308D-45F1-BCDD-2A3C79AB0723}.Release|Any CPU.Deploy.0 = Release|iPhone
		{B4F2538C-308D-45F1-BCDD-2A3C79AB0723}.Release|iPhone.ActiveCfg = Release|iPhone
		{B4F2538C-308D-45F1-BCDD-2A3C79AB0723}.Release|iPhone.Build.0 = Release|iPhone
		{B4F2538C-308D-45F1-BCDD-2A3C79AB0723}.Release|iPhone.Deploy.0 = Release|iPhone
		{B4F2538C-308D-45F1-BCDD-2A3C79AB0723}.Release|iPhoneSimulator.ActiveCfg = Release|iPhoneSimulator
		{B4F2538C-308D-45F1-BCDD-2A3C79AB0723}.Release|iPhoneSimulator.Build.0 = Release|iPhoneSimulator
		{B4F2538C-308D-45F1-BCDD-2A3C79AB0723}.Release|iPhoneSimulator.Deploy.0 = Release|iPhoneSimulator
		{85463570-3011-4702-AD6A-DF86EDDBB6F3}.Debug|Any CPU.ActiveCfg = Debug|Any CPU
		{85463570-3011-4702-AD6A-DF86EDDBB6F3}.Debug|Any CPU.Build.0 = Debug|Any CPU
		{85463570-3011-4702-AD6A-DF86EDDBB6F3}.Debug|Any CPU.Deploy.0 = Debug|Any CPU
		{85463570-3011-4702-AD6A-DF86EDDBB6F3}.Debug|iPhone.ActiveCfg = Debug|Any CPU
		{85463570-3011-4702-AD6A-DF86EDDBB6F3}.Debug|iPhone.Build.0 = Debug|Any CPU
		{85463570-3011-4702-AD6A-DF86EDDBB6F3}.Debug|iPhone.Deploy.0 = Debug|Any CPU
		{85463570-3011-4702-AD6A-DF86EDDBB6F3}.Debug|iPhoneSimulator.ActiveCfg = Debug|Any CPU
		{85463570-3011-4702-AD6A-DF86EDDBB6F3}.Debug|iPhoneSimulator.Build.0 = Debug|Any CPU
		{85463570-3011-4702-AD6A-DF86EDDBB6F3}.Debug|iPhoneSimulator.Deploy.0 = Debug|Any CPU
		{85463570-3011-4702-AD6A-DF86EDDBB6F3}.Release|Any CPU.ActiveCfg = Release|Any CPU
		{85463570-3011-4702-AD6A-DF86EDDBB6F3}.Release|Any CPU.Build.0 = Release|Any CPU
		{85463570-3011-4702-AD6A-DF86EDDBB6F3}.Release|Any CPU.Deploy.0 = Release|Any CPU
		{85463570-3011-4702-AD6A-DF86EDDBB6F3}.Release|iPhone.ActiveCfg = Release|Any CPU
		{85463570-3011-4702-AD6A-DF86EDDBB6F3}.Release|iPhone.Build.0 = Release|Any CPU
		{85463570-3011-4702-AD6A-DF86EDDBB6F3}.Release|iPhone.Deploy.0 = Release|Any CPU
		{85463570-3011-4702-AD6A-DF86EDDBB6F3}.Release|iPhoneSimulator.ActiveCfg = Release|Any CPU
		{85463570-3011-4702-AD6A-DF86EDDBB6F3}.Release|iPhoneSimulator.Build.0 = Release|Any CPU
		{85463570-3011-4702-AD6A-DF86EDDBB6F3}.Release|iPhoneSimulator.Deploy.0 = Release|Any CPU
	EndGlobalSection
	GlobalSection(SolutionProperties) = preSolution
		HideSolutionNode = FALSE
	EndGlobalSection
	GlobalSection(ExtensibilityGlobals) = postSolution
		SolutionGuid = {0AA4F31A-BD9C-4824-865D-A0409F012E3A}
	EndGlobalSection
EndGlobal
